
Microsoft Visual Studio Solution File, Format Version 12.00
# Visual Studio Version 17
VisualStudioVersion = 17.8.34525.116
MinimumVisualStudioVersion = 10.0.40219.1
Project("{FAE04EC0-301F-11D3-BF4B-00C04F79EFBC}") = "Beecrowd", "Beecrowd\Beecrowd.csproj", "{D52E917C-476D-405C-8045-5896BCCA42EB}"
EndProject
Project("{FAE04EC0-301F-11D3-BF4B-00C04F79EFBC}") = "1000", "1000\1000.csproj", "{BFEF7254-779B-45B2-9EE5-AF5E3E135C1E}"
EndProject
Project("{FAE04EC0-301F-11D3-BF4B-00C04F79EFBC}") = "1001", "1001\1001.csproj", "{F5C894D5-5814-4C55-9537-BF2A1BD5F2B5}"
EndProject
Project("{FAE04EC0-301F-11D3-BF4B-00C04F79EFBC}") = "1002", "1002\1002.csproj", "{485623C4-4DF1-4CA4-90A0-E3EBEC8DF184}"
EndProject
Project("{FAE04EC0-301F-11D3-BF4B-00C04F79EFBC}") = "1003", "1003\1003.csproj", "{0A0D87CE-A486-4D2F-918B-F2955D96EAA4}"
EndProject
Project("{FAE04EC0-301F-11D3-BF4B-00C04F79EFBC}") = "1004", "1004\1004.csproj", "{2C1338A8-6BBC-4EB7-82B5-006051EAC175}"
EndProject
Project("{FAE04EC0-301F-11D3-BF4B-00C04F79EFBC}") = "1005", "1005\1005.csproj", "{74919966-392D-4E12-987E-510D0D12EDEF}"
EndProject
Project("{FAE04EC0-301F-11D3-BF4B-00C04F79EFBC}") = "1006", "1006\1006.csproj", "{0907848D-1E38-4118-AB60-947D88590517}"
EndProject
Project("{FAE04EC0-301F-11D3-BF4B-00C04F79EFBC}") = "1007", "1007\1007.csproj", "{40EAD816-6B93-475B-8399-D98027FD4552}"
EndProject
Project("{FAE04EC0-301F-11D3-BF4B-00C04F79EFBC}") = "1008", "1008\1008.csproj", "{61BBAC7B-B9B7-4001-82B5-245DF68C3E16}"
EndProject
Project("{FAE04EC0-301F-11D3-BF4B-00C04F79EFBC}") = "1009", "1009\1009.csproj", "{7F701428-04E1-4410-A1D6-CC52DF1A6309}"
EndProject
Project("{FAE04EC0-301F-11D3-BF4B-00C04F79EFBC}") = "1010", "1010\1010.csproj", "{C8E14ABB-69F6-4DDF-9381-F1594A206FF2}"
EndProject
Global
	GlobalSection(SolutionConfigurationPlatforms) = preSolution
		Debug|Any CPU = Debug|Any CPU
		Release|Any CPU = Release|Any CPU
	EndGlobalSection
	GlobalSection(ProjectConfigurationPlatforms) = postSolution
		{D52E917C-476D-405C-8045-5896BCCA42EB}.Debug|Any CPU.ActiveCfg = Debug|Any CPU
		{D52E917C-476D-405C-8045-5896BCCA42EB}.Debug|Any CPU.Build.0 = Debug|Any CPU
		{D52E917C-476D-405C-8045-5896BCCA42EB}.Release|Any CPU.ActiveCfg = Release|Any CPU
		{D52E917C-476D-405C-8045-5896BCCA42EB}.Release|Any CPU.Build.0 = Release|Any CPU
		{BFEF7254-779B-45B2-9EE5-AF5E3E135C1E}.Debug|Any CPU.ActiveCfg = Debug|Any CPU
		{BFEF7254-779B-45B2-9EE5-AF5E3E135C1E}.Debug|Any CPU.Build.0 = Debug|Any CPU
		{BFEF7254-779B-45B2-9EE5-AF5E3E135C1E}.Release|Any CPU.ActiveCfg = Release|Any CPU
		{BFEF7254-779B-45B2-9EE5-AF5E3E135C1E}.Release|Any CPU.Build.0 = Release|Any CPU
		{F5C894D5-5814-4C55-9537-BF2A1BD5F2B5}.Debug|Any CPU.ActiveCfg = Debug|Any CPU
		{F5C894D5-5814-4C55-9537-BF2A1BD5F2B5}.Debug|Any CPU.Build.0 = Debug|Any CPU
		{F5C894D5-5814-4C55-9537-BF2A1BD5F2B5}.Release|Any CPU.ActiveCfg = Release|Any CPU
		{F5C894D5-5814-4C55-9537-BF2A1BD5F2B5}.Release|Any CPU.Build.0 = Release|Any CPU
		{485623C4-4DF1-4CA4-90A0-E3EBEC8DF184}.Debug|Any CPU.ActiveCfg = Debug|Any CPU
		{485623C4-4DF1-4CA4-90A0-E3EBEC8DF184}.Debug|Any CPU.Build.0 = Debug|Any CPU
		{485623C4-4DF1-4CA4-90A0-E3EBEC8DF184}.Release|Any CPU.ActiveCfg = Release|Any CPU
		{485623C4-4DF1-4CA4-90A0-E3EBEC8DF184}.Release|Any CPU.Build.0 = Release|Any CPU
		{0A0D87CE-A486-4D2F-918B-F2955D96EAA4}.Debug|Any CPU.ActiveCfg = Debug|Any CPU
		{0A0D87CE-A486-4D2F-918B-F2955D96EAA4}.Debug|Any CPU.Build.0 = Debug|Any CPU
		{0A0D87CE-A486-4D2F-918B-F2955D96EAA4}.Release|Any CPU.ActiveCfg = Release|Any CPU
		{0A0D87CE-A486-4D2F-918B-F2955D96EAA4}.Release|Any CPU.Build.0 = Release|Any CPU
		{2C1338A8-6BBC-4EB7-82B5-006051EAC175}.Debug|Any CPU.ActiveCfg = Debug|Any CPU
		{2C1338A8-6BBC-4EB7-82B5-006051EAC175}.Debug|Any CPU.Build.0 = Debug|Any CPU
		{2C1338A8-6BBC-4EB7-82B5-006051EAC175}.Release|Any CPU.ActiveCfg = Release|Any CPU
		{2C1338A8-6BBC-4EB7-82B5-006051EAC175}.Release|Any CPU.Build.0 = Release|Any CPU
		{74919966-392D-4E12-987E-510D0D12EDEF}.Debug|Any CPU.ActiveCfg = Debug|Any CPU
		{74919966-392D-4E12-987E-510D0D12EDEF}.Debug|Any CPU.Build.0 = Debug|Any CPU
		{74919966-392D-4E12-987E-510D0D12EDEF}.Release|Any CPU.ActiveCfg = Release|Any CPU
		{74919966-392D-4E12-987E-510D0D12EDEF}.Release|Any CPU.Build.0 = Release|Any CPU
		{0907848D-1E38-4118-AB60-947D88590517}.Debug|Any CPU.ActiveCfg = Debug|Any CPU
		{0907848D-1E38-4118-AB60-947D88590517}.Debug|Any CPU.Build.0 = Debug|Any CPU
		{0907848D-1E38-4118-AB60-947D88590517}.Release|Any CPU.ActiveCfg = Release|Any CPU
		{0907848D-1E38-4118-AB60-947D88590517}.Release|Any CPU.Build.0 = Release|Any CPU
		{40EAD816-6B93-475B-8399-D98027FD4552}.Debug|Any CPU.ActiveCfg = Debug|Any CPU
		{40EAD816-6B93-475B-8399-D98027FD4552}.Debug|Any CPU.Build.0 = Debug|Any CPU
		{40EAD816-6B93-475B-8399-D98027FD4552}.Release|Any CPU.ActiveCfg = Release|Any CPU
		{40EAD816-6B93-475B-8399-D98027FD4552}.Release|Any CPU.Build.0 = Release|Any CPU
		{61BBAC7B-B9B7-4001-82B5-245DF68C3E16}.Debug|Any CPU.ActiveCfg = Debug|Any CPU
		{61BBAC7B-B9B7-4001-82B5-245DF68C3E16}.Debug|Any CPU.Build.0 = Debug|Any CPU
		{61BBAC7B-B9B7-4001-82B5-245DF68C3E16}.Release|Any CPU.ActiveCfg = Release|Any CPU
		{61BBAC7B-B9B7-4001-82B5-245DF68C3E16}.Release|Any CPU.Build.0 = Release|Any CPU
		{7F701428-04E1-4410-A1D6-CC52DF1A6309}.Debug|Any CPU.ActiveCfg = Debug|Any CPU
		{7F701428-04E1-4410-A1D6-CC52DF1A6309}.Debug|Any CPU.Build.0 = Debug|Any CPU
		{7F701428-04E1-4410-A1D6-CC52DF1A6309}.Release|Any CPU.ActiveCfg = Release|Any CPU
		{7F701428-04E1-4410-A1D6-CC52DF1A6309}.Release|Any CPU.Build.0 = Release|Any CPU
		{C8E14ABB-69F6-4DDF-9381-F1594A206FF2}.Debug|Any CPU.ActiveCfg = Debug|Any CPU
		{C8E14ABB-69F6-4DDF-9381-F1594A206FF2}.Debug|Any CPU.Build.0 = Debug|Any CPU
		{C8E14ABB-69F6-4DDF-9381-F1594A206FF2}.Release|Any CPU.ActiveCfg = Release|Any CPU
		{C8E14ABB-69F6-4DDF-9381-F1594A206FF2}.Release|Any CPU.Build.0 = Release|Any CPU
	EndGlobalSection
	GlobalSection(SolutionProperties) = preSolution
		HideSolutionNode = FALSE
	EndGlobalSection
	GlobalSection(ExtensibilityGlobals) = postSolution
		SolutionGuid = {91BD47A2-7343-4617-9807-6C46E834D5A1}
	EndGlobalSection
EndGlobal
